
Microsoft Visual Studio Solution File, Format Version 12.00
# Visual Studio Version 17
VisualStudioVersion = 17.14.36804.6 d17.14
MinimumVisualStudioVersion = 10.0.40219.1
Project("{FAE04EC0-301F-11D3-BF4B-00C04F79EFBC}") = "dinasOpgaveDaniadata", "dinasOpgaveDaniadata.csproj", "{3BC548CC-7907-4C31-8146-4606A0F62093}"
EndProject
Global
	GlobalSection(SolutionConfigurationPlatforms) = preSolution
		Debug|Any CPU = Debug|Any CPU
		Release|Any CPU = Release|Any CPU
	EndGlobalSection
	GlobalSection(ProjectConfigurationPlatforms) = postSolution
		{3BC548CC-7907-4C31-8146-4606A0F62093}.Debug|Any CPU.ActiveCfg = Debug|Any CPU
		{3BC548CC-7907-4C31-8146-4606A0F62093}.Debug|Any CPU.Build.0 = Debug|Any CPU
		{3BC548CC-7907-4C31-8146-4606A0F62093}.Release|Any CPU.ActiveCfg = Release|Any CPU
		{3BC548CC-7907-4C31-8146-4606A0F62093}.Release|Any CPU.Build.0 = Release|Any CPU
	EndGlobalSection
	GlobalSection(SolutionProperties) = preSolution
		HideSolutionNode = FALSE
	EndGlobalSection
	GlobalSection(ExtensibilityGlobals) = postSolution
		SolutionGuid = {34CF583A-799E-4DB7-82B2-8C5ECA5A0C61}
	EndGlobalSection
EndGlobal
